
Microsoft Visual Studio Solution File, Format Version 12.00
# Visual Studio Version 17
VisualStudioVersion = 17.1.31903.286
MinimumVisualStudioVersion = 10.0.40219.1
Project("{FAE04EC0-301F-11D3-BF4B-00C04F79EFBC}") = "HospitalManagement.Api", "HospitalManagement.Api\HospitalManagement.Api.csproj", "{9BADF1B0-7857-488F-BDCE-2BB96DAC4CB3}"
	ProjectSection(ProjectDependencies) = postProject
		{0A657D33-E8AC-4F18-A0AF-735C06844259} = {0A657D33-E8AC-4F18-A0AF-735C06844259}
	EndProjectSection
EndProject
Project("{FAE04EC0-301F-11D3-BF4B-00C04F79EFBC}") = "HospitalManagement.Service.Common", "HospitalManagement.Service.Common\HospitalManagement.Service.Common.csproj", "{432FB1CB-2BF7-4BFC-AE2F-9A507AAFE955}"
EndProject
Project("{FAE04EC0-301F-11D3-BF4B-00C04F79EFBC}") = "HospitalManagement.Service", "HospitalManagement.Service\HospitalManagement.Service.csproj", "{5A59DA3F-F0C9-4C81-BA1F-43F588DF5796}"
EndProject
Project("{FAE04EC0-301F-11D3-BF4B-00C04F79EFBC}") = "HospitalManagement.DataAccess.Common", "HospitalManagement.DataAccess.Common\HospitalManagement.DataAccess.Common.csproj", "{FA36F31E-6D97-42CD-AA9B-48007D45109C}"
EndProject
Project("{FAE04EC0-301F-11D3-BF4B-00C04F79EFBC}") = "HospitalManagement.DataAccess", "HospitalManagement.DataAccess\HospitalManagement.DataAccess.csproj", "{1B9C642C-1137-404F-93B2-38B7E810FC0C}"
EndProject
Project("{FAE04EC0-301F-11D3-BF4B-00C04F79EFBC}") = "HospitalManagement.Data", "HospitalManagement.Data\HospitalManagement.Data.csproj", "{0A657D33-E8AC-4F18-A0AF-735C06844259}"
EndProject
Global
	GlobalSection(SolutionConfigurationPlatforms) = preSolution
		Debug|Any CPU = Debug|Any CPU
		Release|Any CPU = Release|Any CPU
	EndGlobalSection
	GlobalSection(ProjectConfigurationPlatforms) = postSolution
		{9BADF1B0-7857-488F-BDCE-2BB96DAC4CB3}.Debug|Any CPU.ActiveCfg = Debug|Any CPU
		{9BADF1B0-7857-488F-BDCE-2BB96DAC4CB3}.Debug|Any CPU.Build.0 = Debug|Any CPU
		{9BADF1B0-7857-488F-BDCE-2BB96DAC4CB3}.Release|Any CPU.ActiveCfg = Release|Any CPU
		{9BADF1B0-7857-488F-BDCE-2BB96DAC4CB3}.Release|Any CPU.Build.0 = Release|Any CPU
		{432FB1CB-2BF7-4BFC-AE2F-9A507AAFE955}.Debug|Any CPU.ActiveCfg = Debug|Any CPU
		{432FB1CB-2BF7-4BFC-AE2F-9A507AAFE955}.Debug|Any CPU.Build.0 = Debug|Any CPU
		{432FB1CB-2BF7-4BFC-AE2F-9A507AAFE955}.Release|Any CPU.ActiveCfg = Release|Any CPU
		{432FB1CB-2BF7-4BFC-AE2F-9A507AAFE955}.Release|Any CPU.Build.0 = Release|Any CPU
		{5A59DA3F-F0C9-4C81-BA1F-43F588DF5796}.Debug|Any CPU.ActiveCfg = Debug|Any CPU
		{5A59DA3F-F0C9-4C81-BA1F-43F588DF5796}.Debug|Any CPU.Build.0 = Debug|Any CPU
		{5A59DA3F-F0C9-4C81-BA1F-43F588DF5796}.Release|Any CPU.ActiveCfg = Release|Any CPU
		{5A59DA3F-F0C9-4C81-BA1F-43F588DF5796}.Release|Any CPU.Build.0 = Release|Any CPU
		{FA36F31E-6D97-42CD-AA9B-48007D45109C}.Debug|Any CPU.ActiveCfg = Debug|Any CPU
		{FA36F31E-6D97-42CD-AA9B-48007D45109C}.Debug|Any CPU.Build.0 = Debug|Any CPU
		{FA36F31E-6D97-42CD-AA9B-48007D45109C}.Release|Any CPU.ActiveCfg = Release|Any CPU
		{FA36F31E-6D97-42CD-AA9B-48007D45109C}.Release|Any CPU.Build.0 = Release|Any CPU
		{1B9C642C-1137-404F-93B2-38B7E810FC0C}.Debug|Any CPU.ActiveCfg = Debug|Any CPU
		{1B9C642C-1137-404F-93B2-38B7E810FC0C}.Debug|Any CPU.Build.0 = Debug|Any CPU
		{1B9C642C-1137-404F-93B2-38B7E810FC0C}.Release|Any CPU.ActiveCfg = Release|Any CPU
		{1B9C642C-1137-404F-93B2-38B7E810FC0C}.Release|Any CPU.Build.0 = Release|Any CPU
		{0A657D33-E8AC-4F18-A0AF-735C06844259}.Debug|Any CPU.ActiveCfg = Debug|Any CPU
		{0A657D33-E8AC-4F18-A0AF-735C06844259}.Debug|Any CPU.Build.0 = Debug|Any CPU
		{0A657D33-E8AC-4F18-A0AF-735C06844259}.Release|Any CPU.ActiveCfg = Release|Any CPU
		{0A657D33-E8AC-4F18-A0AF-735C06844259}.Release|Any CPU.Build.0 = Release|Any CPU
	EndGlobalSection
	GlobalSection(SolutionProperties) = preSolution
		HideSolutionNode = FALSE
	EndGlobalSection
	GlobalSection(ExtensibilityGlobals) = postSolution
		SolutionGuid = {3B283505-8406-4C6F-93AA-EBE1F9AE9324}
	EndGlobalSection
EndGlobal
